// !$*UTF8*$!
{
	archiveVersion = 1;
	classes = {
	};
	objectVersion = 46;
	objects = {

/* Begin PBXBuildFile section */
		81C4A4FF1F0E3EA100554575 /* AppDelegate.swift in Sources */ = {isa = PBXBuildFile; fileRef = 81C4A4FE1F0E3EA100554575 /* AppDelegate.swift */; };
		81C4A5011F0E3EA100554575 /* ViewController.swift in Sources */ = {isa = PBXBuildFile; fileRef = 81C4A5001F0E3EA100554575 /* ViewController.swift */; };
		81C4A5041F0E3EA100554575 /* Main.storyboard in Resources */ = {isa = PBXBuildFile; fileRef = 81C4A5021F0E3EA100554575 /* Main.storyboard */; };
		81C4A5061F0E3EA100554575 /* Assets.xcassets in Resources */ = {isa = PBXBuildFile; fileRef = 81C4A5051F0E3EA100554575 /* Assets.xcassets */; };
		81C4A5091F0E3EA100554575 /* LaunchScreen.storyboard in Resources */ = {isa = PBXBuildFile; fileRef = 81C4A5071F0E3EA100554575 /* LaunchScreen.storyboard */; };
		81C4A5141F0E3EA100554575 /* DataBindingTests.swift in Sources */ = {isa = PBXBuildFile; fileRef = 81C4A5131F0E3EA100554575 /* DataBindingTests.swift */; };
		81C4A5221F0E3F0500554575 /* DataBinding.swift in Sources */ = {isa = PBXBuildFile; fileRef = 81C4A5211F0E3F0500554575 /* DataBinding.swift */; };
		81C4A5241F0E419C00554575 /* ViewModel.swift in Sources */ = {isa = PBXBuildFile; fileRef = 81C4A5231F0E419C00554575 /* ViewModel.swift */; };
		81C4A5261F0E420300554575 /* DataModel.swift in Sources */ = {isa = PBXBuildFile; fileRef = 81C4A5251F0E420300554575 /* DataModel.swift */; };
/* End PBXBuildFile section */

/* Begin PBXContainerItemProxy section */
		81C4A5101F0E3EA100554575 /* PBXContainerItemProxy */ = {
			isa = PBXContainerItemProxy;
			containerPortal = 81C4A4F31F0E3EA100554575 /* Project object */;
			proxyType = 1;
			remoteGlobalIDString = 81C4A4FA1F0E3EA100554575;
			remoteInfo = DataBinding;
		};
/* End PBXContainerItemProxy section */

/* Begin PBXFileReference section */
		81C4A4FB1F0E3EA100554575 /* DataBinding.app */ = {isa = PBXFileReference; explicitFileType = wrapper.application; includeInIndex = 0; path = DataBinding.app; sourceTree = BUILT_PRODUCTS_DIR; };
		81C4A4FE1F0E3EA100554575 /* AppDelegate.swift */ = {isa = PBXFileReference; lastKnownFileType = sourcecode.swift; path = AppDelegate.swift; sourceTree = "<group>"; };
		81C4A5001F0E3EA100554575 /* ViewController.swift */ = {isa = PBXFileReference; lastKnownFileType = sourcecode.swift; path = ViewController.swift; sourceTree = "<group>"; };
		81C4A5031F0E3EA100554575 /* Base */ = {isa = PBXFileReference; lastKnownFileType = file.storyboard; name = Base; path = Base.lproj/Main.storyboard; sourceTree = "<group>"; };
		81C4A5051F0E3EA100554575 /* Assets.xcassets */ = {isa = PBXFileReference; lastKnownFileType = folder.assetcatalog; path = Assets.xcassets; sourceTree = "<group>"; };
		81C4A5081F0E3EA100554575 /* Base */ = {isa = PBXFileReference; lastKnownFileType = file.storyboard; name = Base; path = Base.lproj/LaunchScreen.storyboard; sourceTree = "<group>"; };
		81C4A50A1F0E3EA100554575 /* Info.plist */ = {isa = PBXFileReference; lastKnownFileType = text.plist.xml; path = Info.plist; sourceTree = "<group>"; };
		81C4A50F1F0E3EA100554575 /* DataBindingTests.xctest */ = {isa = PBXFileReference; explicitFileType = wrapper.cfbundle; includeInIndex = 0; path = DataBindingTests.xctest; sourceTree = BUILT_PRODUCTS_DIR; };
		81C4A5131F0E3EA100554575 /* DataBindingTests.swift */ = {isa = PBXFileReference; lastKnownFileType = sourcecode.swift; path = DataBindingTests.swift; sourceTree = "<group>"; };
		81C4A5151F0E3EA100554575 /* Info.plist */ = {isa = PBXFileReference; lastKnownFileType = text.plist.xml; path = Info.plist; sourceTree = "<group>"; };
		81C4A5211F0E3F0500554575 /* DataBinding.swift */ = {isa = PBXFileReference; fileEncoding = 4; lastKnownFileType = sourcecode.swift; name = DataBinding.swift; path = src/DataBinding.swift; sourceTree = "<group>"; };
		81C4A5231F0E419C00554575 /* ViewModel.swift */ = {isa = PBXFileReference; fileEncoding = 4; lastKnownFileType = sourcecode.swift; path = ViewModel.swift; sourceTree = "<group>"; };
		81C4A5251F0E420300554575 /* DataModel.swift */ = {isa = PBXFileReference; fileEncoding = 4; lastKnownFileType = sourcecode.swift; path = DataModel.swift; sourceTree = "<group>"; };
/* End PBXFileReference section */

/* Begin PBXFrameworksBuildPhase section */
		81C4A4F81F0E3EA100554575 /* Frameworks */ = {
			isa = PBXFrameworksBuildPhase;
			buildActionMask = 2147483647;
			files = (
			);
			runOnlyForDeploymentPostprocessing = 0;
		};
		81C4A50C1F0E3EA100554575 /* Frameworks */ = {
			isa = PBXFrameworksBuildPhase;
			buildActionMask = 2147483647;
			files = (
			);
			runOnlyForDeploymentPostprocessing = 0;
		};
/* End PBXFrameworksBuildPhase section */

/* Begin PBXGroup section */
		81C4A4F21F0E3EA100554575 = {
			isa = PBXGroup;
			children = (
				81C4A5201F0E3EF600554575 /* src */,
				81C4A4FD1F0E3EA100554575 /* DataBindingExample */,
				81C4A5121F0E3EA100554575 /* DataBindingTests */,
				81C4A4FC1F0E3EA100554575 /* Products */,
			);
			sourceTree = "<group>";
		};
		81C4A4FC1F0E3EA100554575 /* Products */ = {
			isa = PBXGroup;
			children = (
				81C4A4FB1F0E3EA100554575 /* DataBinding.app */,
				81C4A50F1F0E3EA100554575 /* DataBindingTests.xctest */,
			);
			name = Products;
			sourceTree = "<group>";
		};
		81C4A4FD1F0E3EA100554575 /* DataBindingExample */ = {
			isa = PBXGroup;
			children = (
				81C4A4FE1F0E3EA100554575 /* AppDelegate.swift */,
				81C4A5001F0E3EA100554575 /* ViewController.swift */,
				81C4A5231F0E419C00554575 /* ViewModel.swift */,
				81C4A5251F0E420300554575 /* DataModel.swift */,
				81C4A5021F0E3EA100554575 /* Main.storyboard */,
				81C4A5051F0E3EA100554575 /* Assets.xcassets */,
				81C4A5071F0E3EA100554575 /* LaunchScreen.storyboard */,
				81C4A50A1F0E3EA100554575 /* Info.plist */,
			);
			name = DataBindingExample;
			path = DataBinding;
			sourceTree = "<group>";
		};
		81C4A5121F0E3EA100554575 /* DataBindingTests */ = {
			isa = PBXGroup;
			children = (
				81C4A5131F0E3EA100554575 /* DataBindingTests.swift */,
				81C4A5151F0E3EA100554575 /* Info.plist */,
			);
			path = DataBindingTests;
			sourceTree = "<group>";
		};
		81C4A5201F0E3EF600554575 /* src */ = {
			isa = PBXGroup;
			children = (
				81C4A5211F0E3F0500554575 /* DataBinding.swift */,
			);
			name = src;
			sourceTree = "<group>";
		};
/* End PBXGroup section */

/* Begin PBXNativeTarget section */
		81C4A4FA1F0E3EA100554575 /* DataBinding */ = {
			isa = PBXNativeTarget;
			buildConfigurationList = 81C4A5181F0E3EA100554575 /* Build configuration list for PBXNativeTarget "DataBinding" */;
			buildPhases = (
				81C4A4F71F0E3EA100554575 /* Sources */,
				81C4A4F81F0E3EA100554575 /* Frameworks */,
				81C4A4F91F0E3EA100554575 /* Resources */,
			);
			buildRules = (
			);
			dependencies = (
			);
			name = DataBinding;
			productName = DataBinding;
			productReference = 81C4A4FB1F0E3EA100554575 /* DataBinding.app */;
			productType = "com.apple.product-type.application";
		};
		81C4A50E1F0E3EA100554575 /* DataBindingTests */ = {
			isa = PBXNativeTarget;
			buildConfigurationList = 81C4A51B1F0E3EA100554575 /* Build configuration list for PBXNativeTarget "DataBindingTests" */;
			buildPhases = (
				81C4A50B1F0E3EA100554575 /* Sources */,
				81C4A50C1F0E3EA100554575 /* Frameworks */,
				81C4A50D1F0E3EA100554575 /* Resources */,
			);
			buildRules = (
			);
			dependencies = (
				81C4A5111F0E3EA100554575 /* PBXTargetDependency */,
			);
			name = DataBindingTests;
			productName = DataBindingTests;
			productReference = 81C4A50F1F0E3EA100554575 /* DataBindingTests.xctest */;
			productType = "com.apple.product-type.bundle.unit-test";
		};
/* End PBXNativeTarget section */

/* Begin PBXProject section */
		81C4A4F31F0E3EA100554575 /* Project object */ = {
			isa = PBXProject;
			attributes = {
				LastSwiftUpdateCheck = 0830;
				LastUpgradeCheck = 0900;
				ORGANIZATIONNAME = "Kilian IT-Consulting";
				TargetAttributes = {
					81C4A4FA1F0E3EA100554575 = {
						CreatedOnToolsVersion = 8.3.3;
						DevelopmentTeam = R65NJKYBT2;
						ProvisioningStyle = Automatic;
					};
					81C4A50E1F0E3EA100554575 = {
						CreatedOnToolsVersion = 8.3.3;
						DevelopmentTeam = R65NJKYBT2;
						ProvisioningStyle = Automatic;
						TestTargetID = 81C4A4FA1F0E3EA100554575;
					};
				};
			};
			buildConfigurationList = 81C4A4F61F0E3EA100554575 /* Build configuration list for PBXProject "DataBinding" */;
			compatibilityVersion = "Xcode 3.2";
			developmentRegion = English;
			hasScannedForEncodings = 0;
			knownRegions = (
				en,
				Base,
			);
			mainGroup = 81C4A4F21F0E3EA100554575;
			productRefGroup = 81C4A4FC1F0E3EA100554575 /* Products */;
			projectDirPath = "";
			projectRoot = "";
			targets = (
				81C4A4FA1F0E3EA100554575 /* DataBinding */,
				81C4A50E1F0E3EA100554575 /* DataBindingTests */,
			);
		};
/* End PBXProject section */

/* Begin PBXResourcesBuildPhase section */
		81C4A4F91F0E3EA100554575 /* Resources */ = {
			isa = PBXResourcesBuildPhase;
			buildActionMask = 2147483647;
			files = (
				81C4A5091F0E3EA100554575 /* LaunchScreen.storyboard in Resources */,
				81C4A5061F0E3EA100554575 /* Assets.xcassets in Resources */,
				81C4A5041F0E3EA100554575 /* Main.storyboard in Resources */,
			);
			runOnlyForDeploymentPostprocessing = 0;
		};
		81C4A50D1F0E3EA100554575 /* Resources */ = {
			isa = PBXResourcesBuildPhase;
			buildActionMask = 2147483647;
			files = (
			);
			runOnlyForDeploymentPostprocessing = 0;
		};
/* End PBXResourcesBuildPhase section */

/* Begin PBXSourcesBuildPhase section */
		81C4A4F71F0E3EA100554575 /* Sources */ = {
			isa = PBXSourcesBuildPhase;
			buildActionMask = 2147483647;
			files = (
				81C4A5261F0E420300554575 /* DataModel.swift in Sources */,
				81C4A5011F0E3EA100554575 /* ViewController.swift in Sources */,
				81C4A5221F0E3F0500554575 /* DataBinding.swift in Sources */,
				81C4A5241F0E419C00554575 /* ViewModel.swift in Sources */,
				81C4A4FF1F0E3EA100554575 /* AppDelegate.swift in Sources */,
			);
			runOnlyForDeploymentPostprocessing = 0;
		};
		81C4A50B1F0E3EA100554575 /* Sources */ = {
			isa = PBXSourcesBuildPhase;
			buildActionMask = 2147483647;
			files = (
				81C4A5141F0E3EA100554575 /* DataBindingTests.swift in Sources */,
			);
			runOnlyForDeploymentPostprocessing = 0;
		};
/* End PBXSourcesBuildPhase section */

/* Begin PBXTargetDependency section */
		81C4A5111F0E3EA100554575 /* PBXTargetDependency */ = {
			isa = PBXTargetDependency;
			target = 81C4A4FA1F0E3EA100554575 /* DataBinding */;
			targetProxy = 81C4A5101F0E3EA100554575 /* PBXContainerItemProxy */;
		};
/* End PBXTargetDependency section */

/* Begin PBXVariantGroup section */
		81C4A5021F0E3EA100554575 /* Main.storyboard */ = {
			isa = PBXVariantGroup;
			children = (
				81C4A5031F0E3EA100554575 /* Base */,
			);
			name = Main.storyboard;
			sourceTree = "<group>";
		};
		81C4A5071F0E3EA100554575 /* LaunchScreen.storyboard */ = {
			isa = PBXVariantGroup;
			children = (
				81C4A5081F0E3EA100554575 /* Base */,
			);
			name = LaunchScreen.storyboard;
			sourceTree = "<group>";
		};
/* End PBXVariantGroup section */

/* Begin XCBuildConfiguration section */
		81C4A5161F0E3EA100554575 /* Debug */ = {
			isa = XCBuildConfiguration;
			buildSettings = {
				ALWAYS_SEARCH_USER_PATHS = NO;
				CLANG_ANALYZER_NONNULL = YES;
				CLANG_ANALYZER_NUMBER_OBJECT_CONVERSION = YES_AGGRESSIVE;
				CLANG_CXX_LANGUAGE_STANDARD = "gnu++0x";
				CLANG_CXX_LIBRARY = "libc++";
				CLANG_ENABLE_MODULES = YES;
				CLANG_ENABLE_OBJC_ARC = YES;
				CLANG_WARN_BLOCK_CAPTURE_AUTORELEASING = YES;
				CLANG_WARN_BOOL_CONVERSION = YES;
				CLANG_WARN_COMMA = YES;
				CLANG_WARN_CONSTANT_CONVERSION = YES;
				CLANG_WARN_DIRECT_OBJC_ISA_USAGE = YES_ERROR;
				CLANG_WARN_DOCUMENTATION_COMMENTS = YES;
				CLANG_WARN_EMPTY_BODY = YES;
				CLANG_WARN_ENUM_CONVERSION = YES;
				CLANG_WARN_INFINITE_RECURSION = YES;
				CLANG_WARN_INT_CONVERSION = YES;
				CLANG_WARN_NON_LITERAL_NULL_CONVERSION = YES;
				CLANG_WARN_OBJC_LITERAL_CONVERSION = YES;
				CLANG_WARN_OBJC_ROOT_CLASS = YES_ERROR;
				CLANG_WARN_RANGE_LOOP_ANALYSIS = YES;
				CLANG_WARN_STRICT_PROTOTYPES = YES;
				CLANG_WARN_SUSPICIOUS_MOVE = YES;
				CLANG_WARN_UNREACHABLE_CODE = YES;
				CLANG_WARN__DUPLICATE_METHOD_MATCH = YES;
				"CODE_SIGN_IDENTITY[sdk=iphoneos*]" = "iPhone Developer";
				COPY_PHASE_STRIP = NO;
				DEBUG_INFORMATION_FORMAT = dwarf;
				ENABLE_STRICT_OBJC_MSGSEND = YES;
				ENABLE_TESTABILITY = YES;
				GCC_C_LANGUAGE_STANDARD = gnu99;
				GCC_DYNAMIC_NO_PIC = NO;
				GCC_NO_COMMON_BLOCKS = YES;
				GCC_OPTIMIZATION_LEVEL = 0;
				GCC_PREPROCESSOR_DEFINITIONS = (
					"DEBUG=1",
					"$(inherited)",
				);
				GCC_WARN_64_TO_32_BIT_CONVERSION = YES;
				GCC_WARN_ABOUT_RETURN_TYPE = YES_ERROR;
				GCC_WARN_UNDECLARED_SELECTOR = YES;
				GCC_WARN_UNINITIALIZED_AUTOS = YES_AGGRESSIVE;
				GCC_WARN_UNUSED_FUNCTION = YES;
				GCC_WARN_UNUSED_VARIABLE = YES;
				IPHONEOS_DEPLOYMENT_TARGET = 10.3;
				MTL_ENABLE_DEBUG_INFO = YES;
				ONLY_ACTIVE_ARCH = YES;
				SDKROOT = iphoneos;
				SWIFT_ACTIVE_COMPILATION_CONDITIONS = DEBUG;
				SWIFT_OPTIMIZATION_LEVEL = "-Onone";
				TARGETED_DEVICE_FAMILY = "1,2";
			};
			name = Debug;
		};
		81C4A5171F0E3EA100554575 /* Release */ = {
			isa = XCBuildConfiguration;
			buildSettings = {
				ALWAYS_SEARCH_USER_PATHS = NO;
				CLANG_ANALYZER_NONNULL = YES;
				CLANG_ANALYZER_NUMBER_OBJECT_CONVERSION = YES_AGGRESSIVE;
				CLANG_CXX_LANGUAGE_STANDARD = "gnu++0x";
				CLANG_CXX_LIBRARY = "libc++";
				CLANG_ENABLE_MODULES = YES;
				CLANG_ENABLE_OBJC_ARC = YES;
				CLANG_WARN_BLOCK_CAPTURE_AUTORELEASING = YES;
				CLANG_WARN_BOOL_CONVERSION = YES;
				CLANG_WARN_COMMA = YES;
				CLANG_WARN_CONSTANT_CONVERSION = YES;
				CLANG_WARN_DIRECT_OBJC_ISA_USAGE = YES_ERROR;
				CLANG_WARN_DOCUMENTATION_COMMENTS = YES;
				CLANG_WARN_EMPTY_BODY = YES;
				CLANG_WARN_ENUM_CONVERSION = YES;
				CLANG_WARN_INFINITE_RECURSION = YES;
				CLANG_WARN_INT_CONVERSION = YES;
				CLANG_WARN_NON_LITERAL_NULL_CONVERSION = YES;
				CLANG_WARN_OBJC_LITERAL_CONVERSION = YES;
				CLANG_WARN_OBJC_ROOT_CLASS = YES_ERROR;
				CLANG_WARN_RANGE_LOOP_ANALYSIS = YES;
				CLANG_WARN_STRICT_PROTOTYPES = YES;
				CLANG_WARN_SUSPICIOUS_MOVE = YES;
				CLANG_WARN_UNREACHABLE_CODE = YES;
				CLANG_WARN__DUPLICATE_METHOD_MATCH = YES;
				"CODE_SIGN_IDENTITY[sdk=iphoneos*]" = "iPhone Developer";
				COPY_PHASE_STRIP = NO;
				DEBUG_INFORMATION_FORMAT = "dwarf-with-dsym";
				ENABLE_NS_ASSERTIONS = NO;
				ENABLE_STRICT_OBJC_MSGSEND = YES;
				GCC_C_LANGUAGE_STANDARD = gnu99;
				GCC_NO_COMMON_BLOCKS = YES;
				GCC_WARN_64_TO_32_BIT_CONVERSION = YES;
				GCC_WARN_ABOUT_RETURN_TYPE = YES_ERROR;
				GCC_WARN_UNDECLARED_SELECTOR = YES;
				GCC_WARN_UNINITIALIZED_AUTOS = YES_AGGRESSIVE;
				GCC_WARN_UNUSED_FUNCTION = YES;
				GCC_WARN_UNUSED_VARIABLE = YES;
				IPHONEOS_DEPLOYMENT_TARGET = 10.3;
				MTL_ENABLE_DEBUG_INFO = NO;
				SDKROOT = iphoneos;
				SWIFT_OPTIMIZATION_LEVEL = "-Owholemodule";
				TARGETED_DEVICE_FAMILY = "1,2";
				VALIDATE_PRODUCT = YES;
			};
			name = Release;
		};
		81C4A5191F0E3EA100554575 /* Debug */ = {
			isa = XCBuildConfiguration;
			buildSettings = {
				ASSETCATALOG_COMPILER_APPICON_NAME = AppIcon;
				DEVELOPMENT_TEAM = R65NJKYBT2;
				INFOPLIST_FILE = DataBinding/Info.plist;
				LD_RUNPATH_SEARCH_PATHS = "$(inherited) @executable_path/Frameworks";
				PRODUCT_BUNDLE_IDENTIFIER = com.kitcon.DataBinding;
				PRODUCT_NAME = "$(TARGET_NAME)";
				SWIFT_VERSION = 3.0;
			};
			name = Debug;
		};
		81C4A51A1F0E3EA100554575 /* Release */ = {
			isa = XCBuildConfiguration;
			buildSettings = {
				ASSETCATALOG_COMPILER_APPICON_NAME = AppIcon;
				DEVELOPMENT_TEAM = R65NJKYBT2;
				INFOPLIST_FILE = DataBinding/Info.plist;
				LD_RUNPATH_SEARCH_PATHS = "$(inherited) @executable_path/Frameworks";
				PRODUCT_BUNDLE_IDENTIFIER = com.kitcon.DataBinding;
				PRODUCT_NAME = "$(TARGET_NAME)";
				SWIFT_VERSION = 3.0;
			};
			name = Release;
		};
		81C4A51C1F0E3EA100554575 /* Debug */ = {
			isa = XCBuildConfiguration;
			buildSettings = {
				ALWAYS_EMBED_SWIFT_STANDARD_LIBRARIES = YES;
				BUNDLE_LOADER = "$(TEST_HOST)";
				DEVELOPMENT_TEAM = R65NJKYBT2;
				INFOPLIST_FILE = DataBindingTests/Info.plist;
				LD_RUNPATH_SEARCH_PATHS = "$(inherited) @executable_path/Frameworks @loader_path/Frameworks";
				PRODUCT_BUNDLE_IDENTIFIER = com.kitcon.DataBindingTests;
				PRODUCT_NAME = "$(TARGET_NAME)";
				SWIFT_VERSION = 3.0;
				TEST_HOST = "$(BUILT_PRODUCTS_DIR)/DataBinding.app/DataBinding";
			};
			name = Debug;
		};
		81C4A51D1F0E3EA100554575 /* Release */ = {
			isa = XCBuildConfiguration;
			buildSettings = {
				ALWAYS_EMBED_SWIFT_STANDARD_LIBRARIES = YES;
				BUNDLE_LOADER = "$(TEST_HOST)";
				DEVELOPMENT_TEAM = R65NJKYBT2;
				INFOPLIST_FILE = DataBindingTests/Info.plist;
				LD_RUNPATH_SEARCH_PATHS = "$(inherited) @executable_path/Frameworks @loader_path/Frameworks";
				PRODUCT_BUNDLE_IDENTIFIER = com.kitcon.DataBindingTests;
				PRODUCT_NAME = "$(TARGET_NAME)";
				SWIFT_VERSION = 3.0;
				TEST_HOST = "$(BUILT_PRODUCTS_DIR)/DataBinding.app/DataBinding";
			};
			name = Release;
		};
/* End XCBuildConfiguration section */

/* Begin XCConfigurationList section */
		81C4A4F61F0E3EA100554575 /* Build configuration list for PBXProject "DataBinding" */ = {
			isa = XCConfigurationList;
			buildConfigurations = (
				81C4A5161F0E3EA100554575 /* Debug */,
				81C4A5171F0E3EA100554575 /* Release */,
			);
			defaultConfigurationIsVisible = 0;
			defaultConfigurationName = Release;
		};
		81C4A5181F0E3EA100554575 /* Build configuration list for PBXNativeTarget "DataBinding" */ = {
			isa = XCConfigurationList;
			buildConfigurations = (
				81C4A5191F0E3EA100554575 /* Debug */,
				81C4A51A1F0E3EA100554575 /* Release */,
			);
			defaultConfigurationIsVisible = 0;
			defaultConfigurationName = Release;
		};
		81C4A51B1F0E3EA100554575 /* Build configuration list for PBXNativeTarget "DataBindingTests" */ = {
			isa = XCConfigurationList;
			buildConfigurations = (
				81C4A51C1F0E3EA100554575 /* Debug */,
				81C4A51D1F0E3EA100554575 /* Release */,
			);
			defaultConfigurationIsVisible = 0;
			defaultConfigurationName = Release;
		};
/* End XCConfigurationList section */
	};
	rootObject = 81C4A4F31F0E3EA100554575 /* Project object */;
}
